
Microsoft Visual Studio Solution File, Format Version 12.00
# Visual Studio 2012
Project("{FAE04EC0-301F-11D3-BF4B-00C04F79EFBC}") = "PedroLamas.WP7.MetroNoPorto", "PedroLamas.WP7.MetroNoPorto\PedroLamas.WP7.MetroNoPorto.csproj", "{DA6D5326-CF96-46EA-9924-A25F962C9BED}"
EndProject
Global
	GlobalSection(SolutionConfigurationPlatforms) = preSolution
		Debug|Any CPU = Debug|Any CPU
		Release|Any CPU = Release|Any CPU
	EndGlobalSection
	GlobalSection(ProjectConfigurationPlatforms) = postSolution
		{DA6D5326-CF96-46EA-9924-A25F962C9BED}.Debug|Any CPU.ActiveCfg = Debug|Any CPU
		{DA6D5326-CF96-46EA-9924-A25F962C9BED}.Debug|Any CPU.Build.0 = Debug|Any CPU
		{DA6D5326-CF96-46EA-9924-A25F962C9BED}.Debug|Any CPU.Deploy.0 = Debug|Any CPU
		{DA6D5326-CF96-46EA-9924-A25F962C9BED}.Release|Any CPU.ActiveCfg = Release|Any CPU
		{DA6D5326-CF96-46EA-9924-A25F962C9BED}.Release|Any CPU.Build.0 = Release|Any CPU
		{DA6D5326-CF96-46EA-9924-A25F962C9BED}.Release|Any CPU.Deploy.0 = Release|Any CPU
	EndGlobalSection
	GlobalSection(SolutionProperties) = preSolution
		HideSolutionNode = FALSE
	EndGlobalSection
EndGlobal
